
Microsoft Visual Studio Solution File, Format Version 12.00
# Visual Studio Version 17
VisualStudioVersion = 17.1.32210.238
MinimumVisualStudioVersion = 10.0.40219.1
Project("{FAE04EC0-301F-11D3-BF4B-00C04F79EFBC}") = "Library_Management", "Library_Management\Library_Management.csproj", "{A4E2F192-37AC-4E0C-9202-94BF33FEC734}"
EndProject
Project("{FAE04EC0-301F-11D3-BF4B-00C04F79EFBC}") = "StudentLibrary", "StudentLibrary\StudentLibrary.csproj", "{19443471-249F-4C35-91DB-E9F431CFD656}"
	ProjectSection(ProjectDependencies) = postProject
		{A4E2F192-37AC-4E0C-9202-94BF33FEC734} = {A4E2F192-37AC-4E0C-9202-94BF33FEC734}
	EndProjectSection
EndProject
Global
	GlobalSection(SolutionConfigurationPlatforms) = preSolution
		Debug|Any CPU = Debug|Any CPU
		Release|Any CPU = Release|Any CPU
	EndGlobalSection
	GlobalSection(ProjectConfigurationPlatforms) = postSolution
		{A4E2F192-37AC-4E0C-9202-94BF33FEC734}.Debug|Any CPU.ActiveCfg = Debug|Any CPU
		{A4E2F192-37AC-4E0C-9202-94BF33FEC734}.Debug|Any CPU.Build.0 = Debug|Any CPU
		{A4E2F192-37AC-4E0C-9202-94BF33FEC734}.Release|Any CPU.ActiveCfg = Release|Any CPU
		{A4E2F192-37AC-4E0C-9202-94BF33FEC734}.Release|Any CPU.Build.0 = Release|Any CPU
		{19443471-249F-4C35-91DB-E9F431CFD656}.Debug|Any CPU.ActiveCfg = Debug|Any CPU
		{19443471-249F-4C35-91DB-E9F431CFD656}.Debug|Any CPU.Build.0 = Debug|Any CPU
		{19443471-249F-4C35-91DB-E9F431CFD656}.Release|Any CPU.ActiveCfg = Release|Any CPU
		{19443471-249F-4C35-91DB-E9F431CFD656}.Release|Any CPU.Build.0 = Release|Any CPU
	EndGlobalSection
	GlobalSection(SolutionProperties) = preSolution
		HideSolutionNode = FALSE
	EndGlobalSection
	GlobalSection(ExtensibilityGlobals) = postSolution
		SolutionGuid = {6BEC2D62-7166-4C93-A62B-F4BEB6397C9D}
	EndGlobalSection
EndGlobal
